
Microsoft Visual Studio Solution File, Format Version 12.00
# Visual Studio Version 16
VisualStudioVersion = 16.0.33927.289
MinimumVisualStudioVersion = 10.0.40219.1
Project("{FAE04EC0-301F-11D3-BF4B-00C04F79EFBC}") = "QL_BanHangManh_Thang", "QL_BanHangManh_Thang\QL_BanHangManh_Thang.csproj", "{40D021CC-BF8C-4B0E-B67B-675D72ACA146}"
EndProject
Global
	GlobalSection(SolutionConfigurationPlatforms) = preSolution
		Debug|Any CPU = Debug|Any CPU
		Release|Any CPU = Release|Any CPU
	EndGlobalSection
	GlobalSection(ProjectConfigurationPlatforms) = postSolution
		{40D021CC-BF8C-4B0E-B67B-675D72ACA146}.Debug|Any CPU.ActiveCfg = Debug|Any CPU
		{40D021CC-BF8C-4B0E-B67B-675D72ACA146}.Debug|Any CPU.Build.0 = Debug|Any CPU
		{40D021CC-BF8C-4B0E-B67B-675D72ACA146}.Release|Any CPU.ActiveCfg = Release|Any CPU
		{40D021CC-BF8C-4B0E-B67B-675D72ACA146}.Release|Any CPU.Build.0 = Release|Any CPU
	EndGlobalSection
	GlobalSection(SolutionProperties) = preSolution
		HideSolutionNode = FALSE
	EndGlobalSection
	GlobalSection(ExtensibilityGlobals) = postSolution
		SolutionGuid = {BD974B39-B78E-491C-B038-E96F6B27C754}
	EndGlobalSection
EndGlobal
